// !$*UTF8*$!
{
	archiveVersion = 1;
	classes = {
	};
	objectVersion = 46;
	objects = {

/* Begin PBXBuildFile section */
		9123BC42171950D70020054D /* APPHttpClient.h in CopyFiles */ = {isa = PBXBuildFile; fileRef = 9164B7DC16F4BB95007D6824 /* APPHttpClient.h */; };
		9123BC43171950DB0020054D /* MACAddress.h in CopyFiles */ = {isa = PBXBuildFile; fileRef = 917496611716845200A2F183 /* MACAddress.h */; };
		9164B7DE16F4BB96007D6824 /* APPHttpClient.m in Sources */ = {isa = PBXBuildFile; fileRef = 9164B7DD16F4BB95007D6824 /* APPHttpClient.m */; };
		9165F5EB16F22A17006C7584 /* Foundation.framework in Frameworks */ = {isa = PBXBuildFile; fileRef = 9165F5EA16F22A17006C7584 /* Foundation.framework */; };
		9165F5F016F22A17006C7584 /* AppPaoPao.h in CopyFiles */ = {isa = PBXBuildFile; fileRef = 9165F5EF16F22A17006C7584 /* AppPaoPao.h */; };
		9165F5F216F22A17006C7584 /* AppPaoPao.m in Sources */ = {isa = PBXBuildFile; fileRef = 9165F5F116F22A17006C7584 /* AppPaoPao.m */; };
		9165F5FB16F22A3E006C7584 /* APPFeedbackViewController.m in Sources */ = {isa = PBXBuildFile; fileRef = 9165F5F916F22A3E006C7584 /* APPFeedbackViewController.m */; };
		9165F6D116F30E41006C7584 /* APPFeedbackViewController.h in CopyFiles */ = {isa = PBXBuildFile; fileRef = 9165F5F816F22A3E006C7584 /* APPFeedbackViewController.h */; };
		916CA8F91719896C005452B9 /* CoreFoundation.framework in Frameworks */ = {isa = PBXBuildFile; fileRef = 9165F60816F2FA86006C7584 /* CoreFoundation.framework */; };
		916CA8FF1719896C005452B9 /* InfoPlist.strings in Resources */ = {isa = PBXBuildFile; fileRef = 916CA8FD1719896C005452B9 /* InfoPlist.strings */; };
		916CA904171989E9005452B9 /* APPFeedbackViewController~iphone.xib in Resources */ = {isa = PBXBuildFile; fileRef = 9165F5FA16F22A3E006C7584 /* APPFeedbackViewController~iphone.xib */; };
		916CA905171989EE005452B9 /* cancel-btn.png in Resources */ = {isa = PBXBuildFile; fileRef = 917FA3D2171922B000AEE795 /* cancel-btn.png */; };
		916CA906171989EE005452B9 /* cancel-btn@2x.png in Resources */ = {isa = PBXBuildFile; fileRef = 917FA3D3171922B000AEE795 /* cancel-btn@2x.png */; };
		916CA907171989EE005452B9 /* send-btn.png in Resources */ = {isa = PBXBuildFile; fileRef = 917FA3D4171922B000AEE795 /* send-btn.png */; };
		916CA908171989EE005452B9 /* send-btn@2x.png in Resources */ = {isa = PBXBuildFile; fileRef = 917FA3D5171922B000AEE795 /* send-btn@2x.png */; };
		916CA909171989EE005452B9 /* iphone-bg.png in Resources */ = {isa = PBXBuildFile; fileRef = 917FA3D017191C0D00AEE795 /* iphone-bg.png */; };
		916CA90A171989EE005452B9 /* iphone-bg@2x.png in Resources */ = {isa = PBXBuildFile; fileRef = 917FA3D117191DC200AEE795 /* iphone-bg@2x.png */; };
		916CA919171A46BA005452B9 /* CoreTelephony.framework in Frameworks */ = {isa = PBXBuildFile; fileRef = 916CA918171A46BA005452B9 /* CoreTelephony.framework */; };
		917496631716845200A2F183 /* MACAddress.m in Sources */ = {isa = PBXBuildFile; fileRef = 917496621716845200A2F183 /* MACAddress.m */; };
/* End PBXBuildFile section */

/* Begin PBXCopyFilesBuildPhase section */
		9165F5E516F22A17006C7584 /* CopyFiles */ = {
			isa = PBXCopyFilesBuildPhase;
			buildActionMask = 2147483647;
			dstPath = include;
			dstSubfolderSpec = 16;
			files = (
				9123BC43171950DB0020054D /* MACAddress.h in CopyFiles */,
				9123BC42171950D70020054D /* APPHttpClient.h in CopyFiles */,
				9165F6D116F30E41006C7584 /* APPFeedbackViewController.h in CopyFiles */,
				9165F5F016F22A17006C7584 /* AppPaoPao.h in CopyFiles */,
			);
			runOnlyForDeploymentPostprocessing = 0;
		};
/* End PBXCopyFilesBuildPhase section */

/* Begin PBXFileReference section */
		9164B7DC16F4BB95007D6824 /* APPHttpClient.h */ = {isa = PBXFileReference; fileEncoding = 4; lastKnownFileType = sourcecode.c.h; path = APPHttpClient.h; sourceTree = "<group>"; };
		9164B7DD16F4BB95007D6824 /* APPHttpClient.m */ = {isa = PBXFileReference; fileEncoding = 4; lastKnownFileType = sourcecode.c.objc; path = APPHttpClient.m; sourceTree = "<group>"; };
		9165F5E716F22A17006C7584 /* libAppPaoPao.a */ = {isa = PBXFileReference; explicitFileType = archive.ar; includeInIndex = 0; path = libAppPaoPao.a; sourceTree = BUILT_PRODUCTS_DIR; };
		9165F5EA16F22A17006C7584 /* Foundation.framework */ = {isa = PBXFileReference; lastKnownFileType = wrapper.framework; name = Foundation.framework; path = System/Library/Frameworks/Foundation.framework; sourceTree = SDKROOT; };
		9165F5EE16F22A17006C7584 /* AppPaoPao-Prefix.pch */ = {isa = PBXFileReference; lastKnownFileType = sourcecode.c.h; path = "AppPaoPao-Prefix.pch"; sourceTree = "<group>"; };
		9165F5EF16F22A17006C7584 /* AppPaoPao.h */ = {isa = PBXFileReference; lastKnownFileType = sourcecode.c.h; path = AppPaoPao.h; sourceTree = "<group>"; };
		9165F5F116F22A17006C7584 /* AppPaoPao.m */ = {isa = PBXFileReference; lastKnownFileType = sourcecode.c.objc; path = AppPaoPao.m; sourceTree = "<group>"; };
		9165F5F816F22A3E006C7584 /* APPFeedbackViewController.h */ = {isa = PBXFileReference; fileEncoding = 4; lastKnownFileType = sourcecode.c.h; path = APPFeedbackViewController.h; sourceTree = "<group>"; };
		9165F5F916F22A3E006C7584 /* APPFeedbackViewController.m */ = {isa = PBXFileReference; fileEncoding = 4; lastKnownFileType = sourcecode.c.objc; path = APPFeedbackViewController.m; sourceTree = "<group>"; };
		9165F5FA16F22A3E006C7584 /* APPFeedbackViewController~iphone.xib */ = {isa = PBXFileReference; fileEncoding = 4; lastKnownFileType = file.xib; path = "APPFeedbackViewController~iphone.xib"; sourceTree = "<group>"; };
		9165F60816F2FA86006C7584 /* CoreFoundation.framework */ = {isa = PBXFileReference; lastKnownFileType = wrapper.framework; name = CoreFoundation.framework; path = System/Library/Frameworks/CoreFoundation.framework; sourceTree = SDKROOT; };
		916CA8F81719896C005452B9 /* AppPaoPaoResources.bundle */ = {isa = PBXFileReference; explicitFileType = wrapper.cfbundle; includeInIndex = 0; path = AppPaoPaoResources.bundle; sourceTree = BUILT_PRODUCTS_DIR; };
		916CA8FC1719896C005452B9 /* AppPaoPaoResources-Info.plist */ = {isa = PBXFileReference; lastKnownFileType = text.plist.xml; path = "AppPaoPaoResources-Info.plist"; sourceTree = "<group>"; };
		916CA8FE1719896C005452B9 /* en */ = {isa = PBXFileReference; lastKnownFileType = text.plist.strings; name = en; path = en.lproj/InfoPlist.strings; sourceTree = "<group>"; };
		916CA9001719896C005452B9 /* AppPaoPaoResources-Prefix.pch */ = {isa = PBXFileReference; lastKnownFileType = sourcecode.c.h; path = "AppPaoPaoResources-Prefix.pch"; sourceTree = "<group>"; };
		916CA91417199B58005452B9 /* ipad-bg.png */ = {isa = PBXFileReference; lastKnownFileType = image.png; path = "ipad-bg.png"; sourceTree = "<group>"; };
		916CA91517199B58005452B9 /* ipad-bg@2x.png */ = {isa = PBXFileReference; lastKnownFileType = image.png; path = "ipad-bg@2x.png"; sourceTree = "<group>"; };
		916CA91717199F2D005452B9 /* APPFeedbackViewController~ipad.xib */ = {isa = PBXFileReference; fileEncoding = 4; lastKnownFileType = file.xib; path = "APPFeedbackViewController~ipad.xib"; sourceTree = "<group>"; };
		916CA918171A46BA005452B9 /* CoreTelephony.framework */ = {isa = PBXFileReference; lastKnownFileType = wrapper.framework; name = CoreTelephony.framework; path = System/Library/Frameworks/CoreTelephony.framework; sourceTree = SDKROOT; };
		917496611716845200A2F183 /* MACAddress.h */ = {isa = PBXFileReference; fileEncoding = 4; lastKnownFileType = sourcecode.c.h; path = MACAddress.h; sourceTree = "<group>"; };
		917496621716845200A2F183 /* MACAddress.m */ = {isa = PBXFileReference; fileEncoding = 4; lastKnownFileType = sourcecode.c.objc; path = MACAddress.m; sourceTree = "<group>"; };
		917FA3D017191C0D00AEE795 /* iphone-bg.png */ = {isa = PBXFileReference; lastKnownFileType = image.png; path = "iphone-bg.png"; sourceTree = "<group>"; };
		917FA3D117191DC200AEE795 /* iphone-bg@2x.png */ = {isa = PBXFileReference; lastKnownFileType = image.png; path = "iphone-bg@2x.png"; sourceTree = "<group>"; };
		917FA3D2171922B000AEE795 /* cancel-btn.png */ = {isa = PBXFileReference; lastKnownFileType = image.png; path = "cancel-btn.png"; sourceTree = "<group>"; };
		917FA3D3171922B000AEE795 /* cancel-btn@2x.png */ = {isa = PBXFileReference; lastKnownFileType = image.png; path = "cancel-btn@2x.png"; sourceTree = "<group>"; };
		917FA3D4171922B000AEE795 /* send-btn.png */ = {isa = PBXFileReference; lastKnownFileType = image.png; path = "send-btn.png"; sourceTree = "<group>"; };
		917FA3D5171922B000AEE795 /* send-btn@2x.png */ = {isa = PBXFileReference; lastKnownFileType = image.png; path = "send-btn@2x.png"; sourceTree = "<group>"; };
/* End PBXFileReference section */

/* Begin PBXFrameworksBuildPhase section */
		9165F5E416F22A17006C7584 /* Frameworks */ = {
			isa = PBXFrameworksBuildPhase;
			buildActionMask = 2147483647;
			files = (
				916CA919171A46BA005452B9 /* CoreTelephony.framework in Frameworks */,
				9165F5EB16F22A17006C7584 /* Foundation.framework in Frameworks */,
			);
			runOnlyForDeploymentPostprocessing = 0;
		};
		916CA8F51719896C005452B9 /* Frameworks */ = {
			isa = PBXFrameworksBuildPhase;
			buildActionMask = 2147483647;
			files = (
				916CA8F91719896C005452B9 /* CoreFoundation.framework in Frameworks */,
			);
			runOnlyForDeploymentPostprocessing = 0;
		};
/* End PBXFrameworksBuildPhase section */

/* Begin PBXGroup section */
		9165F5DE16F22A17006C7584 = {
			isa = PBXGroup;
			children = (
				9165F5EC16F22A17006C7584 /* AppPaoPao */,
				916CA8FA1719896C005452B9 /* AppPaoPaoResources */,
				9165F5E916F22A17006C7584 /* Frameworks */,
				9165F5E816F22A17006C7584 /* Products */,
			);
			sourceTree = "<group>";
		};
		9165F5E816F22A17006C7584 /* Products */ = {
			isa = PBXGroup;
			children = (
				9165F5E716F22A17006C7584 /* libAppPaoPao.a */,
				916CA8F81719896C005452B9 /* AppPaoPaoResources.bundle */,
			);
			name = Products;
			sourceTree = "<group>";
		};
		9165F5E916F22A17006C7584 /* Frameworks */ = {
			isa = PBXGroup;
			children = (
				916CA918171A46BA005452B9 /* CoreTelephony.framework */,
				9165F5EA16F22A17006C7584 /* Foundation.framework */,
				9165F60816F2FA86006C7584 /* CoreFoundation.framework */,
			);
			name = Frameworks;
			sourceTree = "<group>";
		};
		9165F5EC16F22A17006C7584 /* AppPaoPao */ = {
			isa = PBXGroup;
			children = (
				9165F5EF16F22A17006C7584 /* AppPaoPao.h */,
				9165F5F116F22A17006C7584 /* AppPaoPao.m */,
				9165F5F816F22A3E006C7584 /* APPFeedbackViewController.h */,
				9165F5F916F22A3E006C7584 /* APPFeedbackViewController.m */,
				9165F5FA16F22A3E006C7584 /* APPFeedbackViewController~iphone.xib */,
				916CA91717199F2D005452B9 /* APPFeedbackViewController~ipad.xib */,
				9164B7DC16F4BB95007D6824 /* APPHttpClient.h */,
				9164B7DD16F4BB95007D6824 /* APPHttpClient.m */,
				917496611716845200A2F183 /* MACAddress.h */,
				917496621716845200A2F183 /* MACAddress.m */,
				917FA3D2171922B000AEE795 /* cancel-btn.png */,
				917FA3D3171922B000AEE795 /* cancel-btn@2x.png */,
				917FA3D4171922B000AEE795 /* send-btn.png */,
				917FA3D5171922B000AEE795 /* send-btn@2x.png */,
				917FA3D017191C0D00AEE795 /* iphone-bg.png */,
				917FA3D117191DC200AEE795 /* iphone-bg@2x.png */,
				916CA91417199B58005452B9 /* ipad-bg.png */,
				916CA91517199B58005452B9 /* ipad-bg@2x.png */,
				9165F5ED16F22A17006C7584 /* Supporting Files */,
			);
			path = AppPaoPao;
			sourceTree = "<group>";
		};
		9165F5ED16F22A17006C7584 /* Supporting Files */ = {
			isa = PBXGroup;
			children = (
				9165F5EE16F22A17006C7584 /* AppPaoPao-Prefix.pch */,
			);
			name = "Supporting Files";
			sourceTree = "<group>";
		};
		916CA8FA1719896C005452B9 /* AppPaoPaoResources */ = {
			isa = PBXGroup;
			children = (
				916CA8FB1719896C005452B9 /* Supporting Files */,
			);
			path = AppPaoPaoResources;
			sourceTree = "<group>";
		};
		916CA8FB1719896C005452B9 /* Supporting Files */ = {
			isa = PBXGroup;
			children = (
				916CA8FC1719896C005452B9 /* AppPaoPaoResources-Info.plist */,
				916CA8FD1719896C005452B9 /* InfoPlist.strings */,
				916CA9001719896C005452B9 /* AppPaoPaoResources-Prefix.pch */,
			);
			name = "Supporting Files";
			sourceTree = "<group>";
		};
/* End PBXGroup section */

/* Begin PBXNativeTarget section */
		9165F5E616F22A17006C7584 /* AppPaoPao */ = {
			isa = PBXNativeTarget;
			buildConfigurationList = 9165F5F516F22A17006C7584 /* Build configuration list for PBXNativeTarget "AppPaoPao" */;
			buildPhases = (
				9165F5E316F22A17006C7584 /* Sources */,
				9165F5E416F22A17006C7584 /* Frameworks */,
				9165F5E516F22A17006C7584 /* CopyFiles */,
			);
			buildRules = (
			);
			dependencies = (
			);
			name = AppPaoPao;
			productName = AppPaoPao;
			productReference = 9165F5E716F22A17006C7584 /* libAppPaoPao.a */;
			productType = "com.apple.product-type.library.static";
		};
		916CA8F71719896C005452B9 /* AppPaoPaoResources */ = {
			isa = PBXNativeTarget;
			buildConfigurationList = 916CA9011719896C005452B9 /* Build configuration list for PBXNativeTarget "AppPaoPaoResources" */;
			buildPhases = (
				916CA8F41719896C005452B9 /* Sources */,
				916CA8F51719896C005452B9 /* Frameworks */,
				916CA8F61719896C005452B9 /* Resources */,
			);
			buildRules = (
			);
			dependencies = (
			);
			name = AppPaoPaoResources;
			productName = AppPaoPaoResources;
			productReference = 916CA8F81719896C005452B9 /* AppPaoPaoResources.bundle */;
			productType = "com.apple.product-type.bundle";
		};
/* End PBXNativeTarget section */

/* Begin PBXProject section */
		9165F5DF16F22A17006C7584 /* Project object */ = {
			isa = PBXProject;
			attributes = {
				LastUpgradeCheck = 0460;
				ORGANIZATIONNAME = AppPaoPao;
			};
			buildConfigurationList = 9165F5E216F22A17006C7584 /* Build configuration list for PBXProject "AppPaoPao" */;
			compatibilityVersion = "Xcode 3.2";
			developmentRegion = English;
			hasScannedForEncodings = 0;
			knownRegions = (
				en,
			);
			mainGroup = 9165F5DE16F22A17006C7584;
			productRefGroup = 9165F5E816F22A17006C7584 /* Products */;
			projectDirPath = "";
			projectRoot = "";
			targets = (
				9165F5E616F22A17006C7584 /* AppPaoPao */,
				916CA8F71719896C005452B9 /* AppPaoPaoResources */,
			);
		};
/* End PBXProject section */

/* Begin PBXResourcesBuildPhase section */
		916CA8F61719896C005452B9 /* Resources */ = {
			isa = PBXResourcesBuildPhase;
			buildActionMask = 2147483647;
			files = (
				916CA904171989E9005452B9 /* APPFeedbackViewController~iphone.xib in Resources */,
				916CA905171989EE005452B9 /* cancel-btn.png in Resources */,
				916CA906171989EE005452B9 /* cancel-btn@2x.png in Resources */,
				916CA907171989EE005452B9 /* send-btn.png in Resources */,
				916CA908171989EE005452B9 /* send-btn@2x.png in Resources */,
				916CA909171989EE005452B9 /* iphone-bg.png in Resources */,
				916CA90A171989EE005452B9 /* iphone-bg@2x.png in Resources */,
				916CA8FF1719896C005452B9 /* InfoPlist.strings in Resources */,
			);
			runOnlyForDeploymentPostprocessing = 0;
		};
/* End PBXResourcesBuildPhase section */

/* Begin PBXSourcesBuildPhase section */
		9165F5E316F22A17006C7584 /* Sources */ = {
			isa = PBXSourcesBuildPhase;
			buildActionMask = 2147483647;
			files = (
				9165F5F216F22A17006C7584 /* AppPaoPao.m in Sources */,
				9165F5FB16F22A3E006C7584 /* APPFeedbackViewController.m in Sources */,
				9164B7DE16F4BB96007D6824 /* APPHttpClient.m in Sources */,
				917496631716845200A2F183 /* MACAddress.m in Sources */,
			);
			runOnlyForDeploymentPostprocessing = 0;
		};
		916CA8F41719896C005452B9 /* Sources */ = {
			isa = PBXSourcesBuildPhase;
			buildActionMask = 2147483647;
			files = (
			);
			runOnlyForDeploymentPostprocessing = 0;
		};
/* End PBXSourcesBuildPhase section */

/* Begin PBXVariantGroup section */
		916CA8FD1719896C005452B9 /* InfoPlist.strings */ = {
			isa = PBXVariantGroup;
			children = (
				916CA8FE1719896C005452B9 /* en */,
			);
			name = InfoPlist.strings;
			sourceTree = "<group>";
		};
/* End PBXVariantGroup section */

/* Begin XCBuildConfiguration section */
		9165F5F316F22A17006C7584 /* Debug */ = {
			isa = XCBuildConfiguration;
			buildSettings = {
				ALWAYS_SEARCH_USER_PATHS = NO;
				CLANG_CXX_LANGUAGE_STANDARD = "gnu++0x";
				CLANG_CXX_LIBRARY = "libc++";
				CLANG_ENABLE_OBJC_ARC = YES;
				CLANG_WARN_CONSTANT_CONVERSION = YES;
				CLANG_WARN_EMPTY_BODY = YES;
				CLANG_WARN_ENUM_CONVERSION = YES;
				CLANG_WARN_INT_CONVERSION = YES;
				CLANG_WARN__DUPLICATE_METHOD_MATCH = YES;
				COPY_PHASE_STRIP = NO;
				GCC_C_LANGUAGE_STANDARD = gnu99;
				GCC_DYNAMIC_NO_PIC = NO;
				GCC_OPTIMIZATION_LEVEL = 0;
				GCC_PREPROCESSOR_DEFINITIONS = (
					"DEBUG=1",
					"$(inherited)",
				);
				GCC_SYMBOLS_PRIVATE_EXTERN = NO;
				GCC_WARN_ABOUT_RETURN_TYPE = YES;
				GCC_WARN_UNINITIALIZED_AUTOS = YES;
				GCC_WARN_UNUSED_VARIABLE = YES;
				IPHONEOS_DEPLOYMENT_TARGET = 6.1;
				ONLY_ACTIVE_ARCH = YES;
				SDKROOT = iphoneos;
			};
			name = Debug;
		};
		9165F5F416F22A17006C7584 /* Release */ = {
			isa = XCBuildConfiguration;
			buildSettings = {
				ALWAYS_SEARCH_USER_PATHS = NO;
				CLANG_CXX_LANGUAGE_STANDARD = "gnu++0x";
				CLANG_CXX_LIBRARY = "libc++";
				CLANG_ENABLE_OBJC_ARC = YES;
				CLANG_WARN_CONSTANT_CONVERSION = YES;
				CLANG_WARN_EMPTY_BODY = YES;
				CLANG_WARN_ENUM_CONVERSION = YES;
				CLANG_WARN_INT_CONVERSION = YES;
				CLANG_WARN__DUPLICATE_METHOD_MATCH = YES;
				COPY_PHASE_STRIP = YES;
				GCC_C_LANGUAGE_STANDARD = gnu99;
				GCC_WARN_ABOUT_RETURN_TYPE = YES;
				GCC_WARN_UNINITIALIZED_AUTOS = YES;
				GCC_WARN_UNUSED_VARIABLE = YES;
				IPHONEOS_DEPLOYMENT_TARGET = 6.1;
				SDKROOT = iphoneos;
				VALIDATE_PRODUCT = YES;
			};
			name = Release;
		};
		9165F5F616F22A17006C7584 /* Debug */ = {
			isa = XCBuildConfiguration;
			buildSettings = {
				DSTROOT = /tmp/AppPaoPao.dst;
				GCC_PRECOMPILE_PREFIX_HEADER = YES;
				GCC_PREFIX_HEADER = "AppPaoPao/AppPaoPao-Prefix.pch";
				OTHER_LDFLAGS = "-ObjC";
				PRODUCT_NAME = "$(TARGET_NAME)";
				SKIP_INSTALL = YES;
			};
			name = Debug;
		};
		9165F5F716F22A17006C7584 /* Release */ = {
			isa = XCBuildConfiguration;
			buildSettings = {
				DSTROOT = /tmp/AppPaoPao.dst;
				GCC_PRECOMPILE_PREFIX_HEADER = YES;
				GCC_PREFIX_HEADER = "AppPaoPao/AppPaoPao-Prefix.pch";
				OTHER_LDFLAGS = "-ObjC";
				PRODUCT_NAME = "$(TARGET_NAME)";
				SKIP_INSTALL = YES;
			};
			name = Release;
		};
		916CA9021719896C005452B9 /* Debug */ = {
			isa = XCBuildConfiguration;
			buildSettings = {
				ARCHS = "$(ARCHS_STANDARD_32_BIT)";
				COMBINE_HIDPI_IMAGES = NO;
				GCC_ENABLE_OBJC_EXCEPTIONS = YES;
				GCC_PRECOMPILE_PREFIX_HEADER = YES;
				GCC_PREFIX_HEADER = "AppPaoPaoResources/AppPaoPaoResources-Prefix.pch";
				GCC_WARN_64_TO_32_BIT_CONVERSION = YES;
				INFOPLIST_FILE = "AppPaoPaoResources/AppPaoPaoResources-Info.plist";
				INSTALL_PATH = "$(LOCAL_LIBRARY_DIR)/Bundles";
				MACOSX_DEPLOYMENT_TARGET = 10.7;
				PRODUCT_NAME = "$(TARGET_NAME)";
				SDKROOT = iphoneos;
				WRAPPER_EXTENSION = bundle;
			};
			name = Debug;
		};
		916CA9031719896C005452B9 /* Release */ = {
			isa = XCBuildConfiguration;
			buildSettings = {
				ARCHS = "$(ARCHS_STANDARD_32_BIT)";
				COMBINE_HIDPI_IMAGES = NO;
				DEBUG_INFORMATION_FORMAT = "dwarf-with-dsym";
				GCC_ENABLE_OBJC_EXCEPTIONS = YES;
				GCC_PRECOMPILE_PREFIX_HEADER = YES;
				GCC_PREFIX_HEADER = "AppPaoPaoResources/AppPaoPaoResources-Prefix.pch";
				GCC_WARN_64_TO_32_BIT_CONVERSION = YES;
				INFOPLIST_FILE = "AppPaoPaoResources/AppPaoPaoResources-Info.plist";
				INSTALL_PATH = "$(LOCAL_LIBRARY_DIR)/Bundles";
				MACOSX_DEPLOYMENT_TARGET = 10.7;
				PRODUCT_NAME = "$(TARGET_NAME)";
				SDKROOT = iphoneos;
				WRAPPER_EXTENSION = bundle;
			};
			name = Release;
		};
/* End XCBuildConfiguration section */

/* Begin XCConfigurationList section */
		9165F5E216F22A17006C7584 /* Build configuration list for PBXProject "AppPaoPao" */ = {
			isa = XCConfigurationList;
			buildConfigurations = (
				9165F5F316F22A17006C7584 /* Debug */,
				9165F5F416F22A17006C7584 /* Release */,
			);
			defaultConfigurationIsVisible = 0;
			defaultConfigurationName = Release;
		};
		9165F5F516F22A17006C7584 /* Build configuration list for PBXNativeTarget "AppPaoPao" */ = {
			isa = XCConfigurationList;
			buildConfigurations = (
				9165F5F616F22A17006C7584 /* Debug */,
				9165F5F716F22A17006C7584 /* Release */,
			);
			defaultConfigurationIsVisible = 0;
			defaultConfigurationName = Release;
		};
		916CA9011719896C005452B9 /* Build configuration list for PBXNativeTarget "AppPaoPaoResources" */ = {
			isa = XCConfigurationList;
			buildConfigurations = (
				916CA9021719896C005452B9 /* Debug */,
				916CA9031719896C005452B9 /* Release */,
			);
			defaultConfigurationIsVisible = 0;
		};
/* End XCConfigurationList section */
	};
	rootObject = 9165F5DF16F22A17006C7584 /* Project object */;
}
